# THIS IS AN AUTOGENERATED FILE. DO NOT EDIT THIS FILE DIRECTLY.
# yarn lockfile v1


is-url@^1.2.2:
  version "1.2.4"
  resolved "https://registry.yarnpkg.com/is-url/-/is-url-1.2.4.tgz#04a4df46d28c4cff3d73d01ff06abeb318a1aa52"

unist-util-is@^2.1.1:
  version "2.1.1"
  resolved "https://registry.yarnpkg.com/unist-util-is/-/unist-util-is-2.1.1.tgz#0c312629e3f960c66e931e812d3d80e77010947b"

unist-util-visit@^1.3.0:
  version "1.3.0"
  resolved "https://registry.yarnpkg.com/unist-util-visit/-/unist-util-visit-1.3.0.tgz#41ca7c82981fd1ce6c762aac397fc24e35711444"
  dependencies:
    unist-util-is "^2.1.1"
